
Microsoft Visual Studio Solution File, Format Version 12.00
Project("{FAE04EC0-301F-11D3-BF4B-00C04F79EFBC}") = "HyperTAG", "HyperTAG\HyperTAG.csproj", "{8BC9E07B-5E54-4DD3-AABE-2DBF03C4B8DB}"
EndProject
Project("{FAE04EC0-301F-11D3-BF4B-00C04F79EFBC}") = "TagTests", "TagTests\TagTests.csproj", "{57EAC1FF-05CB-4009-8E0B-E051C5FEA8AD}"
EndProject
Global
	GlobalSection(SolutionConfigurationPlatforms) = preSolution
		Debug|Any CPU = Debug|Any CPU
		Release|Any CPU = Release|Any CPU
	EndGlobalSection
	GlobalSection(ProjectConfigurationPlatforms) = postSolution
		{8BC9E07B-5E54-4DD3-AABE-2DBF03C4B8DB}.Debug|Any CPU.ActiveCfg = Debug|Any CPU
		{8BC9E07B-5E54-4DD3-AABE-2DBF03C4B8DB}.Debug|Any CPU.Build.0 = Debug|Any CPU
		{8BC9E07B-5E54-4DD3-AABE-2DBF03C4B8DB}.Release|Any CPU.ActiveCfg = Release|Any CPU
		{8BC9E07B-5E54-4DD3-AABE-2DBF03C4B8DB}.Release|Any CPU.Build.0 = Release|Any CPU
		{57EAC1FF-05CB-4009-8E0B-E051C5FEA8AD}.Debug|Any CPU.ActiveCfg = Debug|Any CPU
		{57EAC1FF-05CB-4009-8E0B-E051C5FEA8AD}.Debug|Any CPU.Build.0 = Debug|Any CPU
		{57EAC1FF-05CB-4009-8E0B-E051C5FEA8AD}.Release|Any CPU.ActiveCfg = Release|Any CPU
		{57EAC1FF-05CB-4009-8E0B-E051C5FEA8AD}.Release|Any CPU.Build.0 = Release|Any CPU
	EndGlobalSection
EndGlobal
